
Microsoft Visual Studio Solution File, Format Version 12.00
# Visual Studio 15
VisualStudioVersion = 15.0.27130.0
MinimumVisualStudioVersion = 10.0.40219.1
Project("{9A19103F-16F7-4668-BE54-9A1E7A4F7556}") = "Rotam-LP", "Rotam-LP.csproj", "{DF469881-031E-4A2B-BFA4-71F3992A5AFE}"
EndProject
Global
	GlobalSection(SolutionConfigurationPlatforms) = preSolution
		Debug|Any CPU = Debug|Any CPU
		Release|Any CPU = Release|Any CPU
	EndGlobalSection
	GlobalSection(ProjectConfigurationPlatforms) = postSolution
		{DF469881-031E-4A2B-BFA4-71F3992A5AFE}.Debug|Any CPU.ActiveCfg = Release|Any CPU
		{DF469881-031E-4A2B-BFA4-71F3992A5AFE}.Debug|Any CPU.Build.0 = Release|Any CPU
		{DF469881-031E-4A2B-BFA4-71F3992A5AFE}.Release|Any CPU.ActiveCfg = Release|Any CPU
		{DF469881-031E-4A2B-BFA4-71F3992A5AFE}.Release|Any CPU.Build.0 = Release|Any CPU
	EndGlobalSection
	GlobalSection(SolutionProperties) = preSolution
		HideSolutionNode = FALSE
	EndGlobalSection
	GlobalSection(ExtensibilityGlobals) = postSolution
		SolutionGuid = {20E1A894-19DF-44F8-841F-11744D93BCAE}
	EndGlobalSection
EndGlobal
